Microsoft Visual Studio Solution File, Format Version 12.00
# Visual Studio 15
VisualStudioVersion = 15.0.28307.271
MinimumVisualStudioVersion = 10.0.40219.1
Project("{2150E333-8FDC-42A3-9474-1A3956D46DE8}") = "Solution Items", "Solution Items", "{351413C4-72F2-476F-86B7-900B484BD3D7}"
	ProjectSection(SolutionItems) = preProject
		README.md = README.md
		test-results\results.xml = test-results\results.xml
	EndProjectSection
EndProject
Project("{9A19103F-16F7-4668-BE54-9A1E7A4F7556}") = "ArithmeticLibrary", "ArithmeticLibrary\ArithmeticLibrary.csproj", "{A0BC8CF6-2809-4D07-84DC-E285B30418F5}"
EndProject
Project("{FAE04EC0-301F-11D3-BF4B-00C04F79EFBC}") = "MSTestSample", "DotnetCore\MSTestSample\MSTestSample.csproj", "{36F4A0D0-52C3-4D90-ADC5-DCD974DE6FB1}"
EndProject
Project("{FAE04EC0-301F-11D3-BF4B-00C04F79EFBC}") = "NUnitTestSample", "DotnetCore\NUnitTestSample\NUnitTestSample.csproj", "{6FF885E5-4501-4FF0-BE24-31F0F225E060}"
EndProject
Project("{FAE04EC0-301F-11D3-BF4B-00C04F79EFBC}") = "xUnitSample", "DotnetCore\xUnitSample\xUnitSample.csproj", "{C8EEE67F-4E15-4CD0-B640-C50721B0BFD3}"
EndProject
Global
	GlobalSection(SolutionConfigurationPlatforms) = preSolution
		Debug|Any CPU = Debug|Any CPU
		Release|Any CPU = Release|Any CPU
	EndGlobalSection
	GlobalSection(ProjectConfigurationPlatforms) = postSolution
		{A0BC8CF6-2809-4D07-84DC-E285B30418F5}.Debug|Any CPU.ActiveCfg = Debug|Any CPU
		{A0BC8CF6-2809-4D07-84DC-E285B30418F5}.Debug|Any CPU.Build.0 = Debug|Any CPU
		{A0BC8CF6-2809-4D07-84DC-E285B30418F5}.Release|Any CPU.ActiveCfg = Release|Any CPU
		{A0BC8CF6-2809-4D07-84DC-E285B30418F5}.Release|Any CPU.Build.0 = Release|Any CPU
		{36F4A0D0-52C3-4D90-ADC5-DCD974DE6FB1}.Debug|Any CPU.ActiveCfg = Debug|Any CPU
		{36F4A0D0-52C3-4D90-ADC5-DCD974DE6FB1}.Debug|Any CPU.Build.0 = Debug|Any CPU
		{36F4A0D0-52C3-4D90-ADC5-DCD974DE6FB1}.Release|Any CPU.ActiveCfg = Release|Any CPU
		{36F4A0D0-52C3-4D90-ADC5-DCD974DE6FB1}.Release|Any CPU.Build.0 = Release|Any CPU
		{6FF885E5-4501-4FF0-BE24-31F0F225E060}.Debug|Any CPU.ActiveCfg = Debug|Any CPU
		{6FF885E5-4501-4FF0-BE24-31F0F225E060}.Debug|Any CPU.Build.0 = Debug|Any CPU
		{6FF885E5-4501-4FF0-BE24-31F0F225E060}.Release|Any CPU.ActiveCfg = Release|Any CPU
		{6FF885E5-4501-4FF0-BE24-31F0F225E060}.Release|Any CPU.Build.0 = Release|Any CPU
		{C8EEE67F-4E15-4CD0-B640-C50721B0BFD3}.Debug|Any CPU.ActiveCfg = Debug|Any CPU
		{C8EEE67F-4E15-4CD0-B640-C50721B0BFD3}.Debug|Any CPU.Build.0 = Debug|Any CPU
		{C8EEE67F-4E15-4CD0-B640-C50721B0BFD3}.Release|Any CPU.ActiveCfg = Release|Any CPU
		{C8EEE67F-4E15-4CD0-B640-C50721B0BFD3}.Release|Any CPU.Build.0 = Release|Any CPU
	EndGlobalSection
	GlobalSection(SolutionProperties) = preSolution
		HideSolutionNode = FALSE
	EndGlobalSection
	GlobalSection(ExtensibilityGlobals) = postSolution
		SolutionGuid = {7542E62A-72C6-4045-9F2E-34E063602FA3}
	EndGlobalSection
EndGlobal
